{
  "name": "zorium-seed",
  "dependencies": {
    "bluebird": {
      "version": "2.9.25",
      "from": "bluebird@^2.9.24",
      "resolved": "https://registry.npmjs.org/bluebird/-/bluebird-2.9.25.tgz"
    },
    "clay-request": {
      "version": "0.4.2",
      "from": "clay-request@0.4.2",
      "resolved": "https://registry.npmjs.org/clay-request/-/clay-request-0.4.2.tgz",
      "dependencies": {
        "node-fetch": {
          "version": "1.3.0",
          "from": "node-fetch@^1.1.0",
          "resolved": "https://registry.npmjs.org/node-fetch/-/node-fetch-1.3.0.tgz",
          "dependencies": {
            "encoding": {
              "version": "0.1.11",
              "from": "encoding@^0.1.11",
              "resolved": "https://registry.npmjs.org/encoding/-/encoding-0.1.11.tgz",
              "dependencies": {
                "iconv-lite": {
                  "version": "0.4.10",
                  "from": "iconv-lite@~0.4.4",
                  "resolved": "https://registry.npmjs.org/iconv-lite/-/iconv-lite-0.4.10.tgz"
                }
              }
            }
          }
        }
      }
    },
    "coffee-script": {
      "version": "1.9.2",
      "from": "coffee-script@^1.9.2",
      "resolved": "https://registry.npmjs.org/coffee-script/-/coffee-script-1.9.2.tgz"
    },
    "compression": {
      "version": "1.4.4",
      "from": "compression@^1.4.3",
      "resolved": "https://registry.npmjs.org/compression/-/compression-1.4.4.tgz",
      "dependencies": {
        "accepts": {
          "version": "1.2.7",
          "from": "accepts@~1.2.7",
          "resolved": "https://registry.npmjs.org/accepts/-/accepts-1.2.7.tgz",
          "dependencies": {
            "mime-types": {
              "version": "2.0.12",
              "from": "mime-types@~2.0.11",
              "resolved": "https://registry.npmjs.org/mime-types/-/mime-types-2.0.12.tgz",
              "dependencies": {
                "mime-db": {
                  "version": "1.10.0",
                  "from": "mime-db@~1.10.0",
                  "resolved": "https://registry.npmjs.org/mime-db/-/mime-db-1.10.0.tgz"
                }
              }
            },
            "negotiator": {
              "version": "0.5.3",
              "from": "negotiator@0.5.3",
              "resolved": "https://registry.npmjs.org/negotiator/-/negotiator-0.5.3.tgz"
            }
          }
        },
        "bytes": {
          "version": "1.0.0",
          "from": "bytes@1.0.0",
          "resolved": "https://registry.npmjs.org/bytes/-/bytes-1.0.0.tgz"
        },
        "compressible": {
          "version": "2.0.2",
          "from": "compressible@~2.0.2",
          "resolved": "https://registry.npmjs.org/compressible/-/compressible-2.0.2.tgz",
          "dependencies": {
            "mime-db": {
              "version": "1.10.0",
              "from": "mime-db@>= 1.1.2 < 2",
              "resolved": "https://registry.npmjs.org/mime-db/-/mime-db-1.10.0.tgz"
            }
          }
        },
        "debug": {
          "version": "2.2.0",
          "from": "debug@~2.2.0",
          "resolved": "https://registry.npmjs.org/debug/-/debug-2.2.0.tgz",
          "dependencies": {
            "ms": {
              "version": "0.7.1",
              "from": "ms@0.7.1",
              "resolved": "https://registry.npmjs.org/ms/-/ms-0.7.1.tgz"
            }
          }
        },
        "on-headers": {
          "version": "1.0.0",
          "from": "on-headers@~1.0.0",
          "resolved": "https://registry.npmjs.org/on-headers/-/on-headers-1.0.0.tgz"
        },
        "vary": {
          "version": "1.0.0",
          "from": "vary@~1.0.0",
          "resolved": "https://registry.npmjs.org/vary/-/vary-1.0.0.tgz"
        }
      }
    },
    "cookie": {
      "version": "0.1.3",
      "from": "cookie@",
      "resolved": "https://registry.npmjs.org/cookie/-/cookie-0.1.3.tgz"
    },
    "cookie-parser": {
      "version": "1.3.5",
      "from": "cookie-parser@",
      "resolved": "https://registry.npmjs.org/cookie-parser/-/cookie-parser-1.3.5.tgz",
      "dependencies": {
        "cookie-signature": {
          "version": "1.0.6",
          "from": "cookie-signature@1.0.6",
          "resolved": "https://registry.npmjs.org/cookie-signature/-/cookie-signature-1.0.6.tgz"
        }
      }
    },
    "express": {
      "version": "4.12.4",
      "from": "express@^4.12.3",
      "resolved": "https://registry.npmjs.org/express/-/express-4.12.4.tgz",
      "dependencies": {
        "accepts": {
          "version": "1.2.7",
          "from": "accepts@~1.2.7",
          "resolved": "https://registry.npmjs.org/accepts/-/accepts-1.2.7.tgz",
          "dependencies": {
            "mime-types": {
              "version": "2.0.12",
              "from": "mime-types@~2.0.11",
              "resolved": "https://registry.npmjs.org/mime-types/-/mime-types-2.0.12.tgz",
              "dependencies": {
                "mime-db": {
                  "version": "1.10.0",
                  "from": "mime-db@~1.10.0",
                  "resolved": "https://registry.npmjs.org/mime-db/-/mime-db-1.10.0.tgz"
                }
              }
            },
            "negotiator": {
              "version": "0.5.3",
              "from": "negotiator@0.5.3",
              "resolved": "https://registry.npmjs.org/negotiator/-/negotiator-0.5.3.tgz"
            }
          }
        },
        "content-disposition": {
          "version": "0.5.0",
          "from": "content-disposition@0.5.0",
          "resolved": "https://registry.npmjs.org/content-disposition/-/content-disposition-0.5.0.tgz"
        },
        "content-type": {
          "version": "1.0.1",
          "from": "content-type@~1.0.1",
          "resolved": "https://registry.npmjs.org/content-type/-/content-type-1.0.1.tgz"
        },
        "cookie": {
          "version": "0.1.2",
          "from": "cookie@0.1.2",
          "resolved": "https://registry.npmjs.org/cookie/-/cookie-0.1.2.tgz"
        },
        "cookie-signature": {
          "version": "1.0.6",
          "from": "cookie-signature@1.0.6",
          "resolved": "https://registry.npmjs.org/cookie-signature/-/cookie-signature-1.0.6.tgz"
        },
        "debug": {
          "version": "2.2.0",
          "from": "debug@~2.2.0",
          "resolved": "https://registry.npmjs.org/debug/-/debug-2.2.0.tgz",
          "dependencies": {
            "ms": {
              "version": "0.7.1",
              "from": "ms@0.7.1",
              "resolved": "https://registry.npmjs.org/ms/-/ms-0.7.1.tgz"
            }
          }
        },
        "depd": {
          "version": "1.0.1",
          "from": "depd@~1.0.1",
          "resolved": "https://registry.npmjs.org/depd/-/depd-1.0.1.tgz"
        },
        "escape-html": {
          "version": "1.0.1",
          "from": "escape-html@1.0.1",
          "resolved": "https://registry.npmjs.org/escape-html/-/escape-html-1.0.1.tgz"
        },
        "etag": {
          "version": "1.6.0",
          "from": "etag@~1.6.0",
          "resolved": "https://registry.npmjs.org/etag/-/etag-1.6.0.tgz",
          "dependencies": {
            "crc": {
              "version": "3.2.1",
              "from": "crc@3.2.1",
              "resolved": "https://registry.npmjs.org/crc/-/crc-3.2.1.tgz"
            }
          }
        },
        "finalhandler": {
          "version": "0.3.6",
          "from": "finalhandler@0.3.6",
          "resolved": "https://registry.npmjs.org/finalhandler/-/finalhandler-0.3.6.tgz"
        },
        "fresh": {
          "version": "0.2.4",
          "from": "fresh@0.2.4",
          "resolved": "https://registry.npmjs.org/fresh/-/fresh-0.2.4.tgz"
        },
        "merge-descriptors": {
          "version": "1.0.0",
          "from": "merge-descriptors@1.0.0",
          "resolved": "https://registry.npmjs.org/merge-descriptors/-/merge-descriptors-1.0.0.tgz"
        },
        "methods": {
          "version": "1.1.1",
          "from": "methods@~1.1.1",
          "resolved": "https://registry.npmjs.org/methods/-/methods-1.1.1.tgz"
        },
        "on-finished": {
          "version": "2.2.1",
          "from": "on-finished@~2.2.1",
          "resolved": "https://registry.npmjs.org/on-finished/-/on-finished-2.2.1.tgz",
          "dependencies": {
            "ee-first": {
              "version": "1.1.0",
              "from": "ee-first@1.1.0",
              "resolved": "https://registry.npmjs.org/ee-first/-/ee-first-1.1.0.tgz"
            }
          }
        },
        "parseurl": {
          "version": "1.3.0",
          "from": "parseurl@~1.3.0",
          "resolved": "https://registry.npmjs.org/parseurl/-/parseurl-1.3.0.tgz"
        },
        "path-to-regexp": {
          "version": "0.1.3",
          "from": "path-to-regexp@0.1.3",
          "resolved": "https://registry.npmjs.org/path-to-regexp/-/path-to-regexp-0.1.3.tgz"
        },
        "proxy-addr": {
          "version": "1.0.8",
          "from": "proxy-addr@~1.0.8",
          "resolved": "https://registry.npmjs.org/proxy-addr/-/proxy-addr-1.0.8.tgz",
          "dependencies": {
            "forwarded": {
              "version": "0.1.0",
              "from": "forwarded@~0.1.0",
              "resolved": "https://registry.npmjs.org/forwarded/-/forwarded-0.1.0.tgz"
            },
            "ipaddr.js": {
              "version": "1.0.1",
              "from": "ipaddr.js@1.0.1",
              "resolved": "https://registry.npmjs.org/ipaddr.js/-/ipaddr.js-1.0.1.tgz"
            }
          }
        },
        "range-parser": {
          "version": "1.0.2",
          "from": "range-parser@~1.0.2",
          "resolved": "https://registry.npmjs.org/range-parser/-/range-parser-1.0.2.tgz"
        },
        "send": {
          "version": "0.12.3",
          "from": "send@0.12.3",
          "resolved": "https://registry.npmjs.org/send/-/send-0.12.3.tgz",
          "dependencies": {
            "destroy": {
              "version": "1.0.3",
              "from": "destroy@1.0.3",
              "resolved": "https://registry.npmjs.org/destroy/-/destroy-1.0.3.tgz"
            },
            "mime": {
              "version": "1.3.4",
              "from": "mime@1.3.4",
              "resolved": "https://registry.npmjs.org/mime/-/mime-1.3.4.tgz"
            },
            "ms": {
              "version": "0.7.1",
              "from": "ms@0.7.1",
              "resolved": "https://registry.npmjs.org/ms/-/ms-0.7.1.tgz"
            }
          }
        },
        "serve-static": {
          "version": "1.9.3",
          "from": "serve-static@~1.9.3",
          "resolved": "https://registry.npmjs.org/serve-static/-/serve-static-1.9.3.tgz"
        },
        "type-is": {
          "version": "1.6.2",
          "from": "type-is@~1.6.2",
          "resolved": "https://registry.npmjs.org/type-is/-/type-is-1.6.2.tgz",
          "dependencies": {
            "media-typer": {
              "version": "0.3.0",
              "from": "media-typer@0.3.0",
              "resolved": "https://registry.npmjs.org/media-typer/-/media-typer-0.3.0.tgz"
            },
            "mime-types": {
              "version": "2.0.12",
              "from": "mime-types@~2.0.11",
              "resolved": "https://registry.npmjs.org/mime-types/-/mime-types-2.0.12.tgz",
              "dependencies": {
                "mime-db": {
                  "version": "1.10.0",
                  "from": "mime-db@~1.10.0",
                  "resolved": "https://registry.npmjs.org/mime-db/-/mime-db-1.10.0.tgz"
                }
              }
            }
          }
        },
        "vary": {
          "version": "1.0.0",
          "from": "vary@~1.0.0",
          "resolved": "https://registry.npmjs.org/vary/-/vary-1.0.0.tgz"
        },
        "utils-merge": {
          "version": "1.0.0",
          "from": "utils-merge@1.0.0",
          "resolved": "https://registry.npmjs.org/utils-merge/-/utils-merge-1.0.0.tgz"
        }
      }
    },
    "helmet": {
      "version": "0.7.1",
      "from": "helmet@^0.7.1",
      "resolved": "https://registry.npmjs.org/helmet/-/helmet-0.7.1.tgz",
      "dependencies": {
        "connect": {
          "version": "3.3.5",
          "from": "connect@3.3.5",
          "resolved": "https://registry.npmjs.org/connect/-/connect-3.3.5.tgz",
          "dependencies": {
            "debug": {
              "version": "2.1.3",
              "from": "debug@~2.1.3",
              "resolved": "https://registry.npmjs.org/debug/-/debug-2.1.3.tgz",
              "dependencies": {
                "ms": {
                  "version": "0.7.0",
                  "from": "ms@0.7.0",
                  "resolved": "https://registry.npmjs.org/ms/-/ms-0.7.0.tgz"
                }
              }
            },
            "finalhandler": {
              "version": "0.3.4",
              "from": "finalhandler@0.3.4",
              "resolved": "https://registry.npmjs.org/finalhandler/-/finalhandler-0.3.4.tgz",
              "dependencies": {
                "escape-html": {
                  "version": "1.0.1",
                  "from": "escape-html@1.0.1",
                  "resolved": "https://registry.npmjs.org/escape-html/-/escape-html-1.0.1.tgz"
                },
                "on-finished": {
                  "version": "2.2.1",
                  "from": "on-finished@~2.2.0",
                  "resolved": "https://registry.npmjs.org/on-finished/-/on-finished-2.2.1.tgz",
                  "dependencies": {
                    "ee-first": {
                      "version": "1.1.0",
                      "from": "ee-first@1.1.0",
                      "resolved": "https://registry.npmjs.org/ee-first/-/ee-first-1.1.0.tgz"
                    }
                  }
                }
              }
            },
            "parseurl": {
              "version": "1.3.0",
              "from": "parseurl@~1.3.0",
              "resolved": "https://registry.npmjs.org/parseurl/-/parseurl-1.3.0.tgz"
            },
            "utils-merge": {
              "version": "1.0.0",
              "from": "utils-merge@1.0.0",
              "resolved": "https://registry.npmjs.org/utils-merge/-/utils-merge-1.0.0.tgz"
            }
          }
        },
        "dont-sniff-mimetype": {
          "version": "0.1.0",
          "from": "dont-sniff-mimetype@0.1.0",
          "resolved": "https://registry.npmjs.org/dont-sniff-mimetype/-/dont-sniff-mimetype-0.1.0.tgz"
        },
        "frameguard": {
          "version": "0.2.1",
          "from": "frameguard@0.2.1",
          "resolved": "https://registry.npmjs.org/frameguard/-/frameguard-0.2.1.tgz",
          "dependencies": {
            "lodash.isstring": {
              "version": "3.0.0",
              "from": "lodash.isstring@3.0.0",
              "resolved": "https://registry.npmjs.org/lodash.isstring/-/lodash.isstring-3.0.0.tgz"
            }
          }
        },
        "helmet-crossdomain": {
          "version": "0.1.0",
          "from": "helmet-crossdomain@0.1.0",
          "resolved": "https://registry.npmjs.org/helmet-crossdomain/-/helmet-crossdomain-0.1.0.tgz"
        },
        "helmet-csp": {
          "version": "0.2.2",
          "from": "helmet-csp@0.2.2",
          "resolved": "https://registry.npmjs.org/helmet-csp/-/helmet-csp-0.2.2.tgz",
          "dependencies": {
            "camelize": {
              "version": "1.0.0",
              "from": "camelize@1.0.0",
              "resolved": "https://registry.npmjs.org/camelize/-/camelize-1.0.0.tgz"
            },
            "lodash": {
              "version": "3.5.0",
              "from": "lodash@3.5.0",
              "resolved": "https://registry.npmjs.org/lodash/-/lodash-3.5.0.tgz"
            },
            "platform": {
              "version": "1.3.0",
              "from": "platform@1.3.0",
              "resolved": "https://registry.npmjs.org/platform/-/platform-1.3.0.tgz"
            }
          }
        },
        "hide-powered-by": {
          "version": "0.1.0",
          "from": "hide-powered-by@0.1.0",
          "resolved": "https://registry.npmjs.org/hide-powered-by/-/hide-powered-by-0.1.0.tgz"
        },
        "hpkp": {
          "version": "0.1.0",
          "from": "hpkp@0.1.0",
          "resolved": "https://registry.npmjs.org/hpkp/-/hpkp-0.1.0.tgz",
          "dependencies": {
            "arraywrap": {
              "version": "0.1.0",
              "from": "arraywrap@^0.1.0",
              "resolved": "https://registry.npmjs.org/arraywrap/-/arraywrap-0.1.0.tgz"
            }
          }
        },
        "hsts": {
          "version": "0.1.1",
          "from": "hsts@0.1.1",
          "resolved": "https://registry.npmjs.org/hsts/-/hsts-0.1.1.tgz",
          "dependencies": {
            "lodash": {
              "version": "3.5.0",
              "from": "lodash@3.5.0",
              "resolved": "https://registry.npmjs.org/lodash/-/lodash-3.5.0.tgz"
            }
          }
        },
        "ienoopen": {
          "version": "0.1.0",
          "from": "ienoopen@0.1.0",
          "resolved": "https://registry.npmjs.org/ienoopen/-/ienoopen-0.1.0.tgz"
        },
        "nocache": {
          "version": "0.2.0",
          "from": "nocache@0.2.0",
          "resolved": "https://registry.npmjs.org/nocache/-/nocache-0.2.0.tgz"
        },
        "x-xss-protection": {
          "version": "0.1.2",
          "from": "x-xss-protection@0.1.2",
          "resolved": "https://registry.npmjs.org/x-xss-protection/-/x-xss-protection-0.1.2.tgz"
        }
      }
    },
    "lodash": {
      "version": "3.9.1",
      "from": "lodash@^3.6.0",
      "resolved": "https://registry.npmjs.org/lodash/-/lodash-3.9.1.tgz"
    },
    "loglevel": {
      "version": "1.2.0",
      "from": "loglevel@^1.2.0",
      "resolved": "https://registry.npmjs.org/loglevel/-/loglevel-1.2.0.tgz"
    },
    "node-libs-browser": {
      "version": "0.5.2",
      "from": "node-libs-browser@>= 0.4.0 <=0.6.0",
      "resolved": "https://registry.npmjs.org/node-libs-browser/-/node-libs-browser-0.5.2.tgz",
      "dependencies": {
        "assert": {
          "version": "1.3.0",
          "from": "assert@^1.1.1",
          "resolved": "https://registry.npmjs.org/assert/-/assert-1.3.0.tgz"
        },
        "browserify-zlib": {
          "version": "0.1.4",
          "from": "browserify-zlib@~0.1.4",
          "resolved": "https://registry.npmjs.org/browserify-zlib/-/browserify-zlib-0.1.4.tgz",
          "dependencies": {
            "pako": {
              "version": "0.2.6",
              "from": "pako@~0.2.0",
              "resolved": "https://registry.npmjs.org/pako/-/pako-0.2.6.tgz"
            }
          }
        },
        "buffer": {
          "version": "3.2.2",
          "from": "buffer@^3.0.3",
          "resolved": "https://registry.npmjs.org/buffer/-/buffer-3.2.2.tgz",
          "dependencies": {
            "base64-js": {
              "version": "0.0.8",
              "from": "base64-js@0.0.8",
              "resolved": "https://registry.npmjs.org/base64-js/-/base64-js-0.0.8.tgz"
            },
            "ieee754": {
              "version": "1.1.5",
              "from": "ieee754@^1.1.4",
              "resolved": "https://registry.npmjs.org/ieee754/-/ieee754-1.1.5.tgz"
            },
            "is-array": {
              "version": "1.0.1",
              "from": "is-array@^1.0.1",
              "resolved": "https://registry.npmjs.org/is-array/-/is-array-1.0.1.tgz"
            }
          }
        },
        "console-browserify": {
          "version": "1.1.0",
          "from": "console-browserify@^1.1.0",
          "resolved": "https://registry.npmjs.org/console-browserify/-/console-browserify-1.1.0.tgz",
          "dependencies": {
            "date-now": {
              "version": "0.1.4",
              "from": "date-now@^0.1.4",
              "resolved": "https://registry.npmjs.org/date-now/-/date-now-0.1.4.tgz"
            }
          }
        },
        "constants-browserify": {
          "version": "0.0.1",
          "from": "constants-browserify@0.0.1",
          "resolved": "https://registry.npmjs.org/constants-browserify/-/constants-browserify-0.0.1.tgz"
        },
        "crypto-browserify": {
          "version": "3.2.8",
          "from": "crypto-browserify@~3.2.6",
          "resolved": "https://registry.npmjs.org/crypto-browserify/-/crypto-browserify-3.2.8.tgz",
          "dependencies": {
            "pbkdf2-compat": {
              "version": "2.0.1",
              "from": "pbkdf2-compat@2.0.1",
              "resolved": "https://registry.npmjs.org/pbkdf2-compat/-/pbkdf2-compat-2.0.1.tgz"
            },
            "ripemd160": {
              "version": "0.2.0",
              "from": "ripemd160@0.2.0",
              "resolved": "https://registry.npmjs.org/ripemd160/-/ripemd160-0.2.0.tgz"
            },
            "sha.js": {
              "version": "2.2.6",
              "from": "sha.js@2.2.6",
              "resolved": "https://registry.npmjs.org/sha.js/-/sha.js-2.2.6.tgz"
            }
          }
        },
        "domain-browser": {
          "version": "1.1.4",
          "from": "domain-browser@^1.1.1",
          "resolved": "https://registry.npmjs.org/domain-browser/-/domain-browser-1.1.4.tgz"
        },
        "events": {
          "version": "1.0.2",
          "from": "events@^1.0.0",
          "resolved": "https://registry.npmjs.org/events/-/events-1.0.2.tgz"
        },
        "http-browserify": {
          "version": "1.7.0",
          "from": "http-browserify@^1.3.2",
          "resolved": "https://registry.npmjs.org/http-browserify/-/http-browserify-1.7.0.tgz",
          "dependencies": {
            "Base64": {
              "version": "0.2.1",
              "from": "Base64@~0.2.0",
              "resolved": "https://registry.npmjs.org/Base64/-/Base64-0.2.1.tgz"
            },
            "inherits": {
              "version": "2.0.1",
              "from": "inherits@2.0.1",
              "resolved": "https://registry.npmjs.org/inherits/-/inherits-2.0.1.tgz"
            }
          }
        },
        "https-browserify": {
          "version": "0.0.0",
          "from": "https-browserify@0.0.0",
          "resolved": "https://registry.npmjs.org/https-browserify/-/https-browserify-0.0.0.tgz"
        },
        "os-browserify": {
          "version": "0.1.2",
          "from": "os-browserify@~0.1.2",
          "resolved": "https://registry.npmjs.org/os-browserify/-/os-browserify-0.1.2.tgz"
        },
        "path-browserify": {
          "version": "0.0.0",
          "from": "path-browserify@0.0.0",
          "resolved": "https://registry.npmjs.org/path-browserify/-/path-browserify-0.0.0.tgz"
        },
        "process": {
          "version": "0.11.1",
          "from": "process@^0.11.0",
          "resolved": "https://registry.npmjs.org/process/-/process-0.11.1.tgz"
        },
        "punycode": {
          "version": "1.3.2",
          "from": "punycode@^1.2.4",
          "resolved": "https://registry.npmjs.org/punycode/-/punycode-1.3.2.tgz"
        },
        "querystring-es3": {
          "version": "0.2.1",
          "from": "querystring-es3@~0.2.0",
          "resolved": "https://registry.npmjs.org/querystring-es3/-/querystring-es3-0.2.1.tgz"
        },
        "readable-stream": {
          "version": "1.1.13",
          "from": "readable-stream@^1.1.13",
          "resolved": "https://registry.npmjs.org/readable-stream/-/readable-stream-1.1.13.tgz",
          "dependencies": {
            "core-util-is": {
              "version": "1.0.1",
              "from": "core-util-is@~1.0.0",
              "resolved": "https://registry.npmjs.org/core-util-is/-/core-util-is-1.0.1.tgz"
            },
            "isarray": {
              "version": "0.0.1",
              "from": "isarray@0.0.1",
              "resolved": "https://registry.npmjs.org/isarray/-/isarray-0.0.1.tgz"
            },
            "inherits": {
              "version": "2.0.1",
              "from": "inherits@~2.0.1",
              "resolved": "https://registry.npmjs.org/inherits/-/inherits-2.0.1.tgz"
            }
          }
        },
        "stream-browserify": {
          "version": "1.0.0",
          "from": "stream-browserify@^1.0.0",
          "resolved": "https://registry.npmjs.org/stream-browserify/-/stream-browserify-1.0.0.tgz",
          "dependencies": {
            "inherits": {
              "version": "2.0.1",
              "from": "inherits@~2.0.1",
              "resolved": "https://registry.npmjs.org/inherits/-/inherits-2.0.1.tgz"
            }
          }
        },
        "string_decoder": {
          "version": "0.10.31",
          "from": "string_decoder@~0.10.25",
          "resolved": "https://registry.npmjs.org/string_decoder/-/string_decoder-0.10.31.tgz"
        },
        "timers-browserify": {
          "version": "1.4.1",
          "from": "timers-browserify@^1.0.1",
          "resolved": "https://registry.npmjs.org/timers-browserify/-/timers-browserify-1.4.1.tgz"
        },
        "tty-browserify": {
          "version": "0.0.0",
          "from": "tty-browserify@0.0.0",
          "resolved": "https://registry.npmjs.org/tty-browserify/-/tty-browserify-0.0.0.tgz"
        },
        "url": {
          "version": "0.10.3",
          "from": "url@~0.10.1",
          "resolved": "https://registry.npmjs.org/url/-/url-0.10.3.tgz",
          "dependencies": {
            "querystring": {
              "version": "0.2.0",
              "from": "querystring@0.2.0",
              "resolved": "https://registry.npmjs.org/querystring/-/querystring-0.2.0.tgz"
            }
          }
        },
        "util": {
          "version": "0.10.3",
          "from": "util@~0.10.3",
          "resolved": "https://registry.npmjs.org/util/-/util-0.10.3.tgz",
          "dependencies": {
            "inherits": {
              "version": "2.0.1",
              "from": "inherits@2.0.1",
              "resolved": "https://registry.npmjs.org/inherits/-/inherits-2.0.1.tgz"
            }
          }
        },
        "vm-browserify": {
          "version": "0.0.4",
          "from": "vm-browserify@0.0.4",
          "resolved": "https://registry.npmjs.org/vm-browserify/-/vm-browserify-0.0.4.tgz",
          "dependencies": {
            "indexof": {
              "version": "0.0.1",
              "from": "indexof@0.0.1",
              "resolved": "https://registry.npmjs.org/indexof/-/indexof-0.0.1.tgz"
            }
          }
        }
      }
    },
    "normalize-styl": {
      "version": "3.0.3",
      "from": "normalize-styl@",
      "resolved": "https://registry.npmjs.org/normalize-styl/-/normalize-styl-3.0.3.tgz"
    },
    "promiz": {
      "version": "1.0.3",
      "from": "promiz@^1.0.3",
      "resolved": "https://registry.npmjs.org/promiz/-/promiz-1.0.3.tgz"
    },
    "qs": {
      "version": "2.4.2",
      "from": "qs@^2.4.1",
      "resolved": "https://registry.npmjs.org/qs/-/qs-2.4.2.tgz"
    },
    "routes": {
      "version": "2.0.0",
      "from": "routes@^2.0.0",
      "resolved": "https://registry.npmjs.org/routes/-/routes-2.0.0.tgz"
    },
    "rx-lite": {
      "version": "2.5.2",
      "from": "rx-lite@^2.5.2",
      "resolved": "https://registry.npmjs.org/rx-lite/-/rx-lite-2.5.2.tgz"
    },
    "whatwg-fetch": {
      "version": "0.7.0",
      "from": "whatwg-fetch@^0.7.0",
      "resolved": "https://registry.npmjs.org/whatwg-fetch/-/whatwg-fetch-0.7.0.tgz"
    },
    "zorium": {
      "version": "1.0.3",
      "from": "zorium@1.0.3",
      "resolved": "https://registry.npmjs.org/zorium/-/zorium-1.0.3.tgz",
      "dependencies": {
        "vdom-to-html": {
          "version": "2.1.1",
          "from": "vdom-to-html@^2.0.0",
          "resolved": "https://registry.npmjs.org/vdom-to-html/-/vdom-to-html-2.1.1.tgz",
          "dependencies": {
            "escape-html": {
              "version": "1.0.2",
              "from": "escape-html@^1.0.1",
              "resolved": "https://registry.npmjs.org/escape-html/-/escape-html-1.0.2.tgz"
            },
            "param-case": {
              "version": "1.1.1",
              "from": "param-case@^1.0.1",
              "resolved": "https://registry.npmjs.org/param-case/-/param-case-1.1.1.tgz",
              "dependencies": {
                "sentence-case": {
                  "version": "1.1.2",
                  "from": "sentence-case@^1.1.2",
                  "resolved": "https://registry.npmjs.org/sentence-case/-/sentence-case-1.1.2.tgz",
                  "dependencies": {
                    "lower-case": {
                      "version": "1.1.2",
                      "from": "lower-case@^1.1.1",
                      "resolved": "https://registry.npmjs.org/lower-case/-/lower-case-1.1.2.tgz"
                    }
                  }
                }
              }
            },
            "xtend": {
              "version": "4.0.0",
              "from": "xtend@^4.0.0",
              "resolved": "https://registry.npmjs.org/xtend/-/xtend-4.0.0.tgz"
            }
          }
        },
        "vdom-virtualize": {
          "version": "0.0.8",
          "from": "vdom-virtualize@0.0.8",
          "resolved": "https://registry.npmjs.org/vdom-virtualize/-/vdom-virtualize-0.0.8.tgz",
          "dependencies": {
            "virtual-dom": {
              "version": "2.0.1",
              "from": "virtual-dom@2.0.1",
              "resolved": "https://registry.npmjs.org/virtual-dom/-/virtual-dom-2.0.1.tgz",
              "dependencies": {
                "browser-split": {
                  "version": "0.0.1",
                  "from": "browser-split@0.0.1",
                  "resolved": "https://registry.npmjs.org/browser-split/-/browser-split-0.0.1.tgz"
                },
                "error": {
                  "version": "4.4.0",
                  "from": "error@^4.3.0",
                  "resolved": "https://registry.npmjs.org/error/-/error-4.4.0.tgz",
                  "dependencies": {
                    "camelize": {
                      "version": "1.0.0",
                      "from": "camelize@^1.0.0",
                      "resolved": "https://registry.npmjs.org/camelize/-/camelize-1.0.0.tgz"
                    },
                    "string-template": {
                      "version": "0.2.1",
                      "from": "string-template@~0.2.0",
                      "resolved": "https://registry.npmjs.org/string-template/-/string-template-0.2.1.tgz"
                    },
                    "xtend": {
                      "version": "4.0.0",
                      "from": "xtend@~4.0.0",
                      "resolved": "https://registry.npmjs.org/xtend/-/xtend-4.0.0.tgz"
                    }
                  }
                },
                "ev-store": {
                  "version": "7.0.0",
                  "from": "ev-store@^7.0.0",
                  "resolved": "https://registry.npmjs.org/ev-store/-/ev-store-7.0.0.tgz",
                  "dependencies": {
                    "individual": {
                      "version": "3.0.0",
                      "from": "individual@^3.0.0",
                      "resolved": "https://registry.npmjs.org/individual/-/individual-3.0.0.tgz"
                    }
                  }
                },
                "global": {
                  "version": "4.3.0",
                  "from": "global@^4.3.0",
                  "resolved": "https://registry.npmjs.org/global/-/global-4.3.0.tgz",
                  "dependencies": {
                    "min-document": {
                      "version": "2.16.0",
                      "from": "min-document@^2.6.1",
                      "resolved": "https://registry.npmjs.org/min-document/-/min-document-2.16.0.tgz",
                      "dependencies": {
                        "dom-walk": {
                          "version": "0.1.1",
                          "from": "dom-walk@^0.1.0",
                          "resolved": "https://registry.npmjs.org/dom-walk/-/dom-walk-0.1.1.tgz"
                        }
                      }
                    },
                    "process": {
                      "version": "0.5.2",
                      "from": "process@~0.5.1",
                      "resolved": "https://registry.npmjs.org/process/-/process-0.5.2.tgz"
                    }
                  }
                },
                "is-object": {
                  "version": "1.0.1",
                  "from": "is-object@^1.0.1",
                  "resolved": "https://registry.npmjs.org/is-object/-/is-object-1.0.1.tgz"
                },
                "next-tick": {
                  "version": "0.2.2",
                  "from": "next-tick@^0.2.2",
                  "resolved": "https://registry.npmjs.org/next-tick/-/next-tick-0.2.2.tgz"
                },
                "x-is-array": {
                  "version": "0.1.0",
                  "from": "x-is-array@0.1.0",
                  "resolved": "https://registry.npmjs.org/x-is-array/-/x-is-array-0.1.0.tgz"
                },
                "x-is-string": {
                  "version": "0.1.0",
                  "from": "x-is-string@0.1.0",
                  "resolved": "https://registry.npmjs.org/x-is-string/-/x-is-string-0.1.0.tgz"
                }
              }
            }
          }
        },
        "virtual-dom": {
          "version": "2.1.0",
          "from": "virtual-dom@^2.0.1",
          "resolved": "https://registry.npmjs.org/virtual-dom/-/virtual-dom-2.1.0.tgz",
          "dependencies": {
            "browser-split": {
              "version": "0.0.1",
              "from": "browser-split@0.0.1",
              "resolved": "https://registry.npmjs.org/browser-split/-/browser-split-0.0.1.tgz"
            },
            "error": {
              "version": "4.4.0",
              "from": "error@^4.3.0",
              "resolved": "https://registry.npmjs.org/error/-/error-4.4.0.tgz",
              "dependencies": {
                "camelize": {
                  "version": "1.0.0",
                  "from": "camelize@^1.0.0",
                  "resolved": "https://registry.npmjs.org/camelize/-/camelize-1.0.0.tgz"
                },
                "string-template": {
                  "version": "0.2.1",
                  "from": "string-template@~0.2.0",
                  "resolved": "https://registry.npmjs.org/string-template/-/string-template-0.2.1.tgz"
                },
                "xtend": {
                  "version": "4.0.0",
                  "from": "xtend@~4.0.0",
                  "resolved": "https://registry.npmjs.org/xtend/-/xtend-4.0.0.tgz"
                }
              }
            },
            "ev-store": {
              "version": "7.0.0",
              "from": "ev-store@^7.0.0",
              "resolved": "https://registry.npmjs.org/ev-store/-/ev-store-7.0.0.tgz",
              "dependencies": {
                "individual": {
                  "version": "3.0.0",
                  "from": "individual@^3.0.0",
                  "resolved": "https://registry.npmjs.org/individual/-/individual-3.0.0.tgz"
                }
              }
            },
            "global": {
              "version": "4.3.0",
              "from": "global@^4.3.0",
              "resolved": "https://registry.npmjs.org/global/-/global-4.3.0.tgz",
              "dependencies": {
                "min-document": {
                  "version": "2.16.0",
                  "from": "min-document@^2.6.1",
                  "resolved": "https://registry.npmjs.org/min-document/-/min-document-2.16.0.tgz",
                  "dependencies": {
                    "dom-walk": {
                      "version": "0.1.1",
                      "from": "dom-walk@^0.1.0",
                      "resolved": "https://registry.npmjs.org/dom-walk/-/dom-walk-0.1.1.tgz"
                    }
                  }
                },
                "process": {
                  "version": "0.5.2",
                  "from": "process@~0.5.1",
                  "resolved": "https://registry.npmjs.org/process/-/process-0.5.2.tgz"
                }
              }
            },
            "is-object": {
              "version": "1.0.1",
              "from": "is-object@^1.0.1",
              "resolved": "https://registry.npmjs.org/is-object/-/is-object-1.0.1.tgz"
            },
            "next-tick": {
              "version": "0.2.2",
              "from": "next-tick@^0.2.2",
              "resolved": "https://registry.npmjs.org/next-tick/-/next-tick-0.2.2.tgz"
            },
            "x-is-array": {
              "version": "0.1.0",
              "from": "x-is-array@0.1.0",
              "resolved": "https://registry.npmjs.org/x-is-array/-/x-is-array-0.1.0.tgz"
            },
            "x-is-string": {
              "version": "0.1.0",
              "from": "x-is-string@0.1.0",
              "resolved": "https://registry.npmjs.org/x-is-string/-/x-is-string-0.1.0.tgz"
            }
          }
        }
      }
    },
    "zorium-paper": {
      "version": "0.4.1",
      "from": "zorium-paper@0.4.1",
      "resolved": "https://registry.npmjs.org/zorium-paper/-/zorium-paper-0.4.1.tgz"
    }
  }
}
